
Microsoft Visual Studio Solution File, Format Version 12.00
# Visual Studio Version 17
VisualStudioVersion = 17.4.33110.190
MinimumVisualStudioVersion = 10.0.40219.1
Project("{FAE04EC0-301F-11D3-BF4B-00C04F79EFBC}") = "ActorLoader", "src\ActorLoader.csproj", "{6E905424-2C43-4FAF-AAEC-DD045D4113BC}"
EndProject
Global
	GlobalSection(SolutionConfigurationPlatforms) = preSolution
		Debug|Any CPU = Debug|Any CPU
		Release|Any CPU = Release|Any CPU
	EndGlobalSection
	GlobalSection(ProjectConfigurationPlatforms) = postSolution
		{6E905424-2C43-4FAF-AAEC-DD045D4113BC}.Debug|Any CPU.ActiveCfg = Debug|Any CPU
		{6E905424-2C43-4FAF-AAEC-DD045D4113BC}.Debug|Any CPU.Build.0 = Debug|Any CPU
		{6E905424-2C43-4FAF-AAEC-DD045D4113BC}.Release|Any CPU.ActiveCfg = Release|Any CPU
		{6E905424-2C43-4FAF-AAEC-DD045D4113BC}.Release|Any CPU.Build.0 = Release|Any CPU
	EndGlobalSection
	GlobalSection(SolutionProperties) = preSolution
		HideSolutionNode = FALSE
	EndGlobalSection
	GlobalSection(ExtensibilityGlobals) = postSolution
		SolutionGuid = {4652281E-1A40-4AA4-B40F-1CD7C0E5BB3D}
	EndGlobalSection
EndGlobal
